PODS:
  - CJBaseUIKit/UIView/CJDragAction (0.6.0)
  - CJMonitor (0.0.1):
    - CJMonitor/CJLog (= 0.0.1)
  - CJMonitor/CJLog (0.0.1):
    - CJBaseUIKit/UIView/CJDragAction
    - Masonry
  - CJMonitorFlutter (0.0.1):
    - CJMonitor (~> 0.0.1)
    - Flutter
  - Flutter (1.0.0)
  - Masonry (1.1.0)

DEPENDENCIES:
  - CJMonitorFlutter (from `.symlinks/plugins/CJMonitorFlutter/ios`)
  - Flutter (from `Flutter`)

SPEC REPOS:
  trunk:
    - CJBaseUIKit
    - CJMonitor
    - Masonry

EXTERNAL SOURCES:
  CJMonitorFlutter:
    :path: ".symlinks/plugins/CJMonitorFlutter/ios"
  Flutter:
    :path: Flutter

SPEC CHECKSUMS:
  CJBaseUIKit: d4945467678c73b872c7ddfb5367d4063ff28add
  CJMonitor: 9f770c8334f07f237281775b50f0597e5c50b3a0
  CJMonitorFlutter: 4beb04a88dbd6e7267ad7a15b0152737f465b595
  Flutter: 0e3d915762c693b495b44d77113d4970485de6ec
  Masonry: 678fab65091a9290e40e2832a55e7ab731aad201

PODFILE CHECKSUM: c34e2287a9ccaa606aeceab922830efb9a6ff69a

COCOAPODS: 1.9.3
